
Microsoft Visual Studio Solution File, Format Version 12.00
# Visual Studio Version 17
VisualStudioVersion = 17.8.34408.163
MinimumVisualStudioVersion = 10.0.40219.1
Project("{2150E333-8FDC-42A3-9474-1A3956D46DE8}") = "Module1", "Module1", "{14AB7EC8-CC00-451B-8CF3-51A2E77A67A4}"
EndProject
Project("{2150E333-8FDC-42A3-9474-1A3956D46DE8}") = "Module2", "Module2", "{0B7201C9-56A8-442F-8324-63FB8B94AE67}"
EndProject
Project("{2150E333-8FDC-42A3-9474-1A3956D46DE8}") = "DecisionsAndIteration", "DecisionsAndIteration", "{AC131007-DA2B-471C-A4D3-0D3E6DBE309D}"
EndProject
Project("{2150E333-8FDC-42A3-9474-1A3956D46DE8}") = "ObjectOrientatedProgramming", "ObjectOrientatedProgramming", "{509C3C25-10ED-4273-99C1-97BA22D7526E}"
EndProject
Project("{2150E333-8FDC-42A3-9474-1A3956D46DE8}") = "Interfaces", "Interfaces", "{656D0DB6-6773-4E89-AFAB-04F2F5EDF15F}"
EndProject
Project("{2150E333-8FDC-42A3-9474-1A3956D46DE8}") = "Module3", "Module3", "{47D5CFD1-D8A7-41E0-B3DA-D15E3A2F89F5}"
EndProject
Project("{2150E333-8FDC-42A3-9474-1A3956D46DE8}") = "Collections", "Collections", "{FFEC3E02-AE05-4CFF-8851-1A44E54A8E8B}"
EndProject
Project("{9A19103F-16F7-4668-BE54-9A1E7A4F7556}") = "ZeroToHero.Variables", "src\Module1\ZeroToHero.Variables\ZeroToHero.Variables.csproj", "{67758E4A-FA13-496F-87C7-0E4ED315EC42}"
EndProject
Project("{9A19103F-16F7-4668-BE54-9A1E7A4F7556}") = "ZeroToHero.HelloWorld", "src\Module1\ZeroToHero.HelloWorld\ZeroToHero.HelloWorld.csproj", "{07ED29BA-3D91-4377-AF85-1A0295EE068C}"
EndProject
Project("{9A19103F-16F7-4668-BE54-9A1E7A4F7556}") = "ZeroToHero.Functions", "src\Module1\ZeroToHero.Functions\ZeroToHero.Functions.csproj", "{3836D7F4-7165-44C1-AC16-8C19ED3A2E62}"
EndProject
Project("{9A19103F-16F7-4668-BE54-9A1E7A4F7556}") = "ZeroToHero.DecisionsAndIteration", "src\Module2\DecisionsAndIteration\ZeroToHero.DecisionsAndIteration\ZeroToHero.DecisionsAndIteration.csproj", "{94DCB56B-BF2F-4042-ABCC-8A07E9762C34}"
EndProject
Project("{9A19103F-16F7-4668-BE54-9A1E7A4F7556}") = "ZeroToHero.DecisionsAndIterations.PracticeWithTests", "src\Module2\DecisionsAndIteration\ZeroToHero.DecisionsAndIterations.PracticeWithTests\ZeroToHero.DecisionsAndIterations.PracticeWithTests.csproj", "{EE401A39-D1B2-4A4B-BC58-A103B257D005}"
EndProject
Project("{9A19103F-16F7-4668-BE54-9A1E7A4F7556}") = "ZeroToHero.Interfaces.Console", "src\Module2\Interfaces\ZeroToHero.Interfaces.Console\ZeroToHero.Interfaces.Console.csproj", "{50F95BAE-ADC3-4516-943E-8BC43DCF4A19}"
EndProject
Project("{9A19103F-16F7-4668-BE54-9A1E7A4F7556}") = "ZeroToHero.Interfaces.PracticeWithTests", "src\Module2\Interfaces\ZeroToHero.Interfaces.PracticeWithTests\ZeroToHero.Interfaces.PracticeWithTests.csproj", "{7BC6AD8F-16D4-4E53-BB85-C4BCB20DE444}"
EndProject
Project("{9A19103F-16F7-4668-BE54-9A1E7A4F7556}") = "ZeroToHero.Interfaces.Chess", "src\Module2\Interfaces\ZeroToHero.Interfaces.Chess\ZeroToHero.Interfaces.Chess.csproj", "{0220166E-75E9-4308-8F6B-42FA03F2797F}"
EndProject
Project("{9A19103F-16F7-4668-BE54-9A1E7A4F7556}") = "ZeroToHero.OOP.Console", "src\Module2\ObjectOrientatedProgramming\ZeroToHero.OOP.Console\ZeroToHero.OOP.Console.csproj", "{5DD449DA-7DCB-4B50-97A1-872F696A5F15}"
EndProject
Project("{9A19103F-16F7-4668-BE54-9A1E7A4F7556}") = "ZeroToHero.OOP.PracticeWithTests", "src\Module2\ObjectOrientatedProgramming\ZeroToHero.OOP.PracticeWithTests\ZeroToHero.OOP.PracticeWithTests.csproj", "{460F3496-1FCB-4088-96EE-0FDCA97FD679}"
EndProject
Project("{9A19103F-16F7-4668-BE54-9A1E7A4F7556}") = "ZeroToHero.OOP.TicTacToe", "src\Module2\ObjectOrientatedProgramming\ZeroToHero.OOP.TicTacToe\ZeroToHero.OOP.TicTacToe.csproj", "{A3927C14-D3D8-44AD-8BF0-EC7C1FF45FE5}"
EndProject
Project("{9A19103F-16F7-4668-BE54-9A1E7A4F7556}") = "ZeroToHero.Collections.Console", "src\Module3\Collections\ZeroToHero.Collections.Console\ZeroToHero.Collections.Console.csproj", "{64A235B1-0701-4AEA-8B01-CD7F479E2944}"
EndProject
Project("{9A19103F-16F7-4668-BE54-9A1E7A4F7556}") = "ZeroToHero.Collections.TodoApp", "src\Module3\Collections\ZeroToHero.Collections.TodoApp\ZeroToHero.Collections.TodoApp.csproj", "{CAB997F1-1873-467C-9425-6C682ECC331A}"
EndProject
Project("{9A19103F-16F7-4668-BE54-9A1E7A4F7556}") = "ZeroToHero.Collections.PracticeWithTests", "src\Module3\Collections\ZeroToHero.Collections.PracticeWithTests\ZeroToHero.Collections.PracticeWithTests.csproj", "{C17E3045-5A83-4F2F-B9BE-1C5F67059BC1}"
EndProject
Project("{2150E333-8FDC-42A3-9474-1A3956D46DE8}") = "BestPractices", "BestPractices", "{012BD45A-6348-4282-BFA3-3527F4BB9FA6}"
EndProject
Project("{9A19103F-16F7-4668-BE54-9A1E7A4F7556}") = "ZeroToHero.BestPractices.Console", "src\Module3\BestPractices\ZeroToHero.BestPractices.Console\ZeroToHero.BestPractices.Console.csproj", "{AC200AF7-5883-41A9-A4C2-E3D6784B67DF}"
EndProject
Project("{9A19103F-16F7-4668-BE54-9A1E7A4F7556}") = "ZeroToHero.BestPractices.TinyLink", "src\Module3\BestPractices\ZeroToHero.BestPractices.TinyLink\ZeroToHero.BestPractices.TinyLink.csproj", "{5F978E73-D367-4013-B4C7-53739AACC79A}"
EndProject
Project("{2150E333-8FDC-42A3-9474-1A3956D46DE8}") = "DepencyInjection", "DepencyInjection", "{5E1217CA-C308-4DCE-ABA1-AEE3D78633E7}"
EndProject
Project("{9A19103F-16F7-4668-BE54-9A1E7A4F7556}") = "ZeroToHero.DI.Console", "src\Module3\DependencyInjection\ZeroToHero.DI.Console\ZeroToHero.DI.Console.csproj", "{B6C2E590-155D-4B1F-B8FB-5E8952B7854A}"
EndProject
Project("{2150E333-8FDC-42A3-9474-1A3956D46DE8}") = "Projects", "Projects", "{3EEAA64E-9569-4D9B-8979-B52C762FCAF7}"
	ProjectSection(SolutionItems) = preProject
		src\Module3\DependencyInjection\BooksApi.ReadME = src\Module3\DependencyInjection\BooksApi.ReadME
	EndProjectSection
EndProject
Project("{9A19103F-16F7-4668-BE54-9A1E7A4F7556}") = "BooksApi", "BooksApi\BooksApi.csproj", "{219B08B0-9D0B-4B7C-8B7D-412AF0E32536}"
EndProject
Global
	GlobalSection(SolutionConfigurationPlatforms) = preSolution
		Debug|Any CPU = Debug|Any CPU
		Release|Any CPU = Release|Any CPU
	EndGlobalSection
	GlobalSection(ProjectConfigurationPlatforms) = postSolution
		{67758E4A-FA13-496F-87C7-0E4ED315EC42}.Debug|Any CPU.ActiveCfg = Debug|Any CPU
		{67758E4A-FA13-496F-87C7-0E4ED315EC42}.Debug|Any CPU.Build.0 = Debug|Any CPU
		{67758E4A-FA13-496F-87C7-0E4ED315EC42}.Release|Any CPU.ActiveCfg = Release|Any CPU
		{67758E4A-FA13-496F-87C7-0E4ED315EC42}.Release|Any CPU.Build.0 = Release|Any CPU
		{07ED29BA-3D91-4377-AF85-1A0295EE068C}.Debug|Any CPU.ActiveCfg = Debug|Any CPU
		{07ED29BA-3D91-4377-AF85-1A0295EE068C}.Debug|Any CPU.Build.0 = Debug|Any CPU
		{07ED29BA-3D91-4377-AF85-1A0295EE068C}.Release|Any CPU.ActiveCfg = Release|Any CPU
		{07ED29BA-3D91-4377-AF85-1A0295EE068C}.Release|Any CPU.Build.0 = Release|Any CPU
		{3836D7F4-7165-44C1-AC16-8C19ED3A2E62}.Debug|Any CPU.ActiveCfg = Debug|Any CPU
		{3836D7F4-7165-44C1-AC16-8C19ED3A2E62}.Debug|Any CPU.Build.0 = Debug|Any CPU
		{3836D7F4-7165-44C1-AC16-8C19ED3A2E62}.Release|Any CPU.ActiveCfg = Release|Any CPU
		{3836D7F4-7165-44C1-AC16-8C19ED3A2E62}.Release|Any CPU.Build.0 = Release|Any CPU
		{94DCB56B-BF2F-4042-ABCC-8A07E9762C34}.Debug|Any CPU.ActiveCfg = Debug|Any CPU
		{94DCB56B-BF2F-4042-ABCC-8A07E9762C34}.Debug|Any CPU.Build.0 = Debug|Any CPU
		{94DCB56B-BF2F-4042-ABCC-8A07E9762C34}.Release|Any CPU.ActiveCfg = Release|Any CPU
		{94DCB56B-BF2F-4042-ABCC-8A07E9762C34}.Release|Any CPU.Build.0 = Release|Any CPU
		{EE401A39-D1B2-4A4B-BC58-A103B257D005}.Debug|Any CPU.ActiveCfg = Debug|Any CPU
		{EE401A39-D1B2-4A4B-BC58-A103B257D005}.Debug|Any CPU.Build.0 = Debug|Any CPU
		{EE401A39-D1B2-4A4B-BC58-A103B257D005}.Release|Any CPU.ActiveCfg = Release|Any CPU
		{EE401A39-D1B2-4A4B-BC58-A103B257D005}.Release|Any CPU.Build.0 = Release|Any CPU
		{50F95BAE-ADC3-4516-943E-8BC43DCF4A19}.Debug|Any CPU.ActiveCfg = Debug|Any CPU
		{50F95BAE-ADC3-4516-943E-8BC43DCF4A19}.Debug|Any CPU.Build.0 = Debug|Any CPU
		{50F95BAE-ADC3-4516-943E-8BC43DCF4A19}.Release|Any CPU.ActiveCfg = Release|Any CPU
		{50F95BAE-ADC3-4516-943E-8BC43DCF4A19}.Release|Any CPU.Build.0 = Release|Any CPU
		{7BC6AD8F-16D4-4E53-BB85-C4BCB20DE444}.Debug|Any CPU.ActiveCfg = Debug|Any CPU
		{7BC6AD8F-16D4-4E53-BB85-C4BCB20DE444}.Debug|Any CPU.Build.0 = Debug|Any CPU
		{7BC6AD8F-16D4-4E53-BB85-C4BCB20DE444}.Release|Any CPU.ActiveCfg = Release|Any CPU
		{7BC6AD8F-16D4-4E53-BB85-C4BCB20DE444}.Release|Any CPU.Build.0 = Release|Any CPU
		{0220166E-75E9-4308-8F6B-42FA03F2797F}.Debug|Any CPU.ActiveCfg = Debug|Any CPU
		{0220166E-75E9-4308-8F6B-42FA03F2797F}.Debug|Any CPU.Build.0 = Debug|Any CPU
		{0220166E-75E9-4308-8F6B-42FA03F2797F}.Release|Any CPU.ActiveCfg = Release|Any CPU
		{0220166E-75E9-4308-8F6B-42FA03F2797F}.Release|Any CPU.Build.0 = Release|Any CPU
		{5DD449DA-7DCB-4B50-97A1-872F696A5F15}.Debug|Any CPU.ActiveCfg = Debug|Any CPU
		{5DD449DA-7DCB-4B50-97A1-872F696A5F15}.Debug|Any CPU.Build.0 = Debug|Any CPU
		{5DD449DA-7DCB-4B50-97A1-872F696A5F15}.Release|Any CPU.ActiveCfg = Release|Any CPU
		{5DD449DA-7DCB-4B50-97A1-872F696A5F15}.Release|Any CPU.Build.0 = Release|Any CPU
		{460F3496-1FCB-4088-96EE-0FDCA97FD679}.Debug|Any CPU.ActiveCfg = Debug|Any CPU
		{460F3496-1FCB-4088-96EE-0FDCA97FD679}.Debug|Any CPU.Build.0 = Debug|Any CPU
		{460F3496-1FCB-4088-96EE-0FDCA97FD679}.Release|Any CPU.ActiveCfg = Release|Any CPU
		{460F3496-1FCB-4088-96EE-0FDCA97FD679}.Release|Any CPU.Build.0 = Release|Any CPU
		{A3927C14-D3D8-44AD-8BF0-EC7C1FF45FE5}.Debug|Any CPU.ActiveCfg = Debug|Any CPU
		{A3927C14-D3D8-44AD-8BF0-EC7C1FF45FE5}.Debug|Any CPU.Build.0 = Debug|Any CPU
		{A3927C14-D3D8-44AD-8BF0-EC7C1FF45FE5}.Release|Any CPU.ActiveCfg = Release|Any CPU
		{A3927C14-D3D8-44AD-8BF0-EC7C1FF45FE5}.Release|Any CPU.Build.0 = Release|Any CPU
		{64A235B1-0701-4AEA-8B01-CD7F479E2944}.Debug|Any CPU.ActiveCfg = Debug|Any CPU
		{64A235B1-0701-4AEA-8B01-CD7F479E2944}.Debug|Any CPU.Build.0 = Debug|Any CPU
		{64A235B1-0701-4AEA-8B01-CD7F479E2944}.Release|Any CPU.ActiveCfg = Release|Any CPU
		{64A235B1-0701-4AEA-8B01-CD7F479E2944}.Release|Any CPU.Build.0 = Release|Any CPU
		{CAB997F1-1873-467C-9425-6C682ECC331A}.Debug|Any CPU.ActiveCfg = Debug|Any CPU
		{CAB997F1-1873-467C-9425-6C682ECC331A}.Debug|Any CPU.Build.0 = Debug|Any CPU
		{CAB997F1-1873-467C-9425-6C682ECC331A}.Release|Any CPU.ActiveCfg = Release|Any CPU
		{CAB997F1-1873-467C-9425-6C682ECC331A}.Release|Any CPU.Build.0 = Release|Any CPU
		{C17E3045-5A83-4F2F-B9BE-1C5F67059BC1}.Debug|Any CPU.ActiveCfg = Debug|Any CPU
		{C17E3045-5A83-4F2F-B9BE-1C5F67059BC1}.Debug|Any CPU.Build.0 = Debug|Any CPU
		{C17E3045-5A83-4F2F-B9BE-1C5F67059BC1}.Release|Any CPU.ActiveCfg = Release|Any CPU
		{C17E3045-5A83-4F2F-B9BE-1C5F67059BC1}.Release|Any CPU.Build.0 = Release|Any CPU
		{AC200AF7-5883-41A9-A4C2-E3D6784B67DF}.Debug|Any CPU.ActiveCfg = Debug|Any CPU
		{AC200AF7-5883-41A9-A4C2-E3D6784B67DF}.Debug|Any CPU.Build.0 = Debug|Any CPU
		{AC200AF7-5883-41A9-A4C2-E3D6784B67DF}.Release|Any CPU.ActiveCfg = Release|Any CPU
		{AC200AF7-5883-41A9-A4C2-E3D6784B67DF}.Release|Any CPU.Build.0 = Release|Any CPU
		{5F978E73-D367-4013-B4C7-53739AACC79A}.Debug|Any CPU.ActiveCfg = Debug|Any CPU
		{5F978E73-D367-4013-B4C7-53739AACC79A}.Debug|Any CPU.Build.0 = Debug|Any CPU
		{5F978E73-D367-4013-B4C7-53739AACC79A}.Release|Any CPU.ActiveCfg = Release|Any CPU
		{5F978E73-D367-4013-B4C7-53739AACC79A}.Release|Any CPU.Build.0 = Release|Any CPU
		{B6C2E590-155D-4B1F-B8FB-5E8952B7854A}.Debug|Any CPU.ActiveCfg = Debug|Any CPU
		{B6C2E590-155D-4B1F-B8FB-5E8952B7854A}.Debug|Any CPU.Build.0 = Debug|Any CPU
		{B6C2E590-155D-4B1F-B8FB-5E8952B7854A}.Release|Any CPU.ActiveCfg = Release|Any CPU
		{B6C2E590-155D-4B1F-B8FB-5E8952B7854A}.Release|Any CPU.Build.0 = Release|Any CPU
		{219B08B0-9D0B-4B7C-8B7D-412AF0E32536}.Debug|Any CPU.ActiveCfg = Debug|Any CPU
		{219B08B0-9D0B-4B7C-8B7D-412AF0E32536}.Debug|Any CPU.Build.0 = Debug|Any CPU
		{219B08B0-9D0B-4B7C-8B7D-412AF0E32536}.Release|Any CPU.ActiveCfg = Release|Any CPU
		{219B08B0-9D0B-4B7C-8B7D-412AF0E32536}.Release|Any CPU.Build.0 = Release|Any CPU
	EndGlobalSection
	GlobalSection(SolutionProperties) = preSolution
		HideSolutionNode = FALSE
	EndGlobalSection
	GlobalSection(NestedProjects) = preSolution
		{AC131007-DA2B-471C-A4D3-0D3E6DBE309D} = {0B7201C9-56A8-442F-8324-63FB8B94AE67}
		{509C3C25-10ED-4273-99C1-97BA22D7526E} = {0B7201C9-56A8-442F-8324-63FB8B94AE67}
		{656D0DB6-6773-4E89-AFAB-04F2F5EDF15F} = {0B7201C9-56A8-442F-8324-63FB8B94AE67}
		{FFEC3E02-AE05-4CFF-8851-1A44E54A8E8B} = {47D5CFD1-D8A7-41E0-B3DA-D15E3A2F89F5}
		{67758E4A-FA13-496F-87C7-0E4ED315EC42} = {14AB7EC8-CC00-451B-8CF3-51A2E77A67A4}
		{07ED29BA-3D91-4377-AF85-1A0295EE068C} = {14AB7EC8-CC00-451B-8CF3-51A2E77A67A4}
		{3836D7F4-7165-44C1-AC16-8C19ED3A2E62} = {14AB7EC8-CC00-451B-8CF3-51A2E77A67A4}
		{94DCB56B-BF2F-4042-ABCC-8A07E9762C34} = {AC131007-DA2B-471C-A4D3-0D3E6DBE309D}
		{EE401A39-D1B2-4A4B-BC58-A103B257D005} = {AC131007-DA2B-471C-A4D3-0D3E6DBE309D}
		{50F95BAE-ADC3-4516-943E-8BC43DCF4A19} = {656D0DB6-6773-4E89-AFAB-04F2F5EDF15F}
		{7BC6AD8F-16D4-4E53-BB85-C4BCB20DE444} = {656D0DB6-6773-4E89-AFAB-04F2F5EDF15F}
		{0220166E-75E9-4308-8F6B-42FA03F2797F} = {656D0DB6-6773-4E89-AFAB-04F2F5EDF15F}
		{5DD449DA-7DCB-4B50-97A1-872F696A5F15} = {509C3C25-10ED-4273-99C1-97BA22D7526E}
		{460F3496-1FCB-4088-96EE-0FDCA97FD679} = {509C3C25-10ED-4273-99C1-97BA22D7526E}
		{A3927C14-D3D8-44AD-8BF0-EC7C1FF45FE5} = {509C3C25-10ED-4273-99C1-97BA22D7526E}
		{64A235B1-0701-4AEA-8B01-CD7F479E2944} = {FFEC3E02-AE05-4CFF-8851-1A44E54A8E8B}
		{CAB997F1-1873-467C-9425-6C682ECC331A} = {FFEC3E02-AE05-4CFF-8851-1A44E54A8E8B}
		{C17E3045-5A83-4F2F-B9BE-1C5F67059BC1} = {FFEC3E02-AE05-4CFF-8851-1A44E54A8E8B}
		{012BD45A-6348-4282-BFA3-3527F4BB9FA6} = {47D5CFD1-D8A7-41E0-B3DA-D15E3A2F89F5}
		{AC200AF7-5883-41A9-A4C2-E3D6784B67DF} = {012BD45A-6348-4282-BFA3-3527F4BB9FA6}
		{5F978E73-D367-4013-B4C7-53739AACC79A} = {012BD45A-6348-4282-BFA3-3527F4BB9FA6}
		{5E1217CA-C308-4DCE-ABA1-AEE3D78633E7} = {47D5CFD1-D8A7-41E0-B3DA-D15E3A2F89F5}
		{B6C2E590-155D-4B1F-B8FB-5E8952B7854A} = {5E1217CA-C308-4DCE-ABA1-AEE3D78633E7}
		{219B08B0-9D0B-4B7C-8B7D-412AF0E32536} = {3EEAA64E-9569-4D9B-8979-B52C762FCAF7}
	EndGlobalSection
	GlobalSection(ExtensibilityGlobals) = postSolution
		SolutionGuid = {8B4CBC0E-4F31-47FE-AD4A-529D5EEA65E1}
	EndGlobalSection
EndGlobal
