
Microsoft Visual Studio Solution File, Format Version 12.00
# Visual Studio Version 17
VisualStudioVersion = 17.8.34408.163
MinimumVisualStudioVersion = 10.0.40219.1
Project("{9A19103F-16F7-4668-BE54-9A1E7A4F7556}") = "ZeroToHero.Variables", "ZeroToHero.Console\ZeroToHero.Variables.csproj", "{9122C974-7050-4913-A7E3-2141E2CB45AF}"
EndProject
Project("{9A19103F-16F7-4668-BE54-9A1E7A4F7556}") = "ZeroToHero.Functions", "ZeroToHero.Functions\ZeroToHero.Functions.csproj", "{C7433340-129C-4F53-A872-AB1DC79ABCC2}"
EndProject
Project("{9A19103F-16F7-4668-BE54-9A1E7A4F7556}") = "ZeroToHero.HelloWorld", "ZeroToHero.HelloWorld\ZeroToHero.HelloWorld.csproj", "{1DC151D6-B67D-46D5-B8D5-28451E009102}"
EndProject
Project("{2150E333-8FDC-42A3-9474-1A3956D46DE8}") = "Module1", "Module1", "{14AB7EC8-CC00-451B-8CF3-51A2E77A67A4}"
EndProject
Project("{2150E333-8FDC-42A3-9474-1A3956D46DE8}") = "Module2", "Module2", "{0B7201C9-56A8-442F-8324-63FB8B94AE67}"
EndProject
Project("{2150E333-8FDC-42A3-9474-1A3956D46DE8}") = "DecisionsAndIteration", "DecisionsAndIteration", "{AC131007-DA2B-471C-A4D3-0D3E6DBE309D}"
EndProject
Project("{9A19103F-16F7-4668-BE54-9A1E7A4F7556}") = "ZeroToHero.DecisionsAndIteration", "ZeroToHero.DecisionsAndIteration\ZeroToHero.DecisionsAndIteration.csproj", "{C70C2ECD-764F-4CFA-81B1-1DA08E5D089C}"
EndProject
Project("{9A19103F-16F7-4668-BE54-9A1E7A4F7556}") = "ZeroToHero.DecisionsAndIterations.PracticeWithTests", "ZeroToHero.DecisionsAndIterations.PracticeWithTests\ZeroToHero.DecisionsAndIterations.PracticeWithTests.csproj", "{7812758E-C330-40E9-A737-75D51A89B69A}"
EndProject
Project("{2150E333-8FDC-42A3-9474-1A3956D46DE8}") = "ObjectOrientatedProgramming", "ObjectOrientatedProgramming", "{509C3C25-10ED-4273-99C1-97BA22D7526E}"
EndProject
Project("{9A19103F-16F7-4668-BE54-9A1E7A4F7556}") = "ZeroToHero.OOP.Console", "ZeroToHero.OOP.Console\ZeroToHero.OOP.Console.csproj", "{76D29DDC-14F7-49B8-B0E7-241D4BAFD03B}"
EndProject
Project("{9A19103F-16F7-4668-BE54-9A1E7A4F7556}") = "ZeroToHero.TicTacToe", "ZeroToHero.TicTacToe\ZeroToHero.TicTacToe.csproj", "{25444DAD-7CC6-41EF-8C47-435439F32CC2}"
EndProject
Project("{FAE04EC0-301F-11D3-BF4B-00C04F79EFBC}") = "ZeroToHero.OOP.PracticeWithTests", "ZeroToHero.OOP.PracticeWithTests\ZeroToHero.OOP.PracticeWithTests.csproj", "{97FA61A4-F4AB-4DAB-94BA-1A3AED650C49}"
EndProject
Global
	GlobalSection(SolutionConfigurationPlatforms) = preSolution
		Debug|Any CPU = Debug|Any CPU
		Release|Any CPU = Release|Any CPU
	EndGlobalSection
	GlobalSection(ProjectConfigurationPlatforms) = postSolution
		{9122C974-7050-4913-A7E3-2141E2CB45AF}.Debug|Any CPU.ActiveCfg = Debug|Any CPU
		{9122C974-7050-4913-A7E3-2141E2CB45AF}.Debug|Any CPU.Build.0 = Debug|Any CPU
		{9122C974-7050-4913-A7E3-2141E2CB45AF}.Release|Any CPU.ActiveCfg = Release|Any CPU
		{9122C974-7050-4913-A7E3-2141E2CB45AF}.Release|Any CPU.Build.0 = Release|Any CPU
		{C7433340-129C-4F53-A872-AB1DC79ABCC2}.Debug|Any CPU.ActiveCfg = Debug|Any CPU
		{C7433340-129C-4F53-A872-AB1DC79ABCC2}.Debug|Any CPU.Build.0 = Debug|Any CPU
		{C7433340-129C-4F53-A872-AB1DC79ABCC2}.Release|Any CPU.ActiveCfg = Release|Any CPU
		{C7433340-129C-4F53-A872-AB1DC79ABCC2}.Release|Any CPU.Build.0 = Release|Any CPU
		{1DC151D6-B67D-46D5-B8D5-28451E009102}.Debug|Any CPU.ActiveCfg = Debug|Any CPU
		{1DC151D6-B67D-46D5-B8D5-28451E009102}.Debug|Any CPU.Build.0 = Debug|Any CPU
		{1DC151D6-B67D-46D5-B8D5-28451E009102}.Release|Any CPU.ActiveCfg = Release|Any CPU
		{1DC151D6-B67D-46D5-B8D5-28451E009102}.Release|Any CPU.Build.0 = Release|Any CPU
		{C70C2ECD-764F-4CFA-81B1-1DA08E5D089C}.Debug|Any CPU.ActiveCfg = Debug|Any CPU
		{C70C2ECD-764F-4CFA-81B1-1DA08E5D089C}.Debug|Any CPU.Build.0 = Debug|Any CPU
		{C70C2ECD-764F-4CFA-81B1-1DA08E5D089C}.Release|Any CPU.ActiveCfg = Release|Any CPU
		{C70C2ECD-764F-4CFA-81B1-1DA08E5D089C}.Release|Any CPU.Build.0 = Release|Any CPU
		{7812758E-C330-40E9-A737-75D51A89B69A}.Debug|Any CPU.ActiveCfg = Debug|Any CPU
		{7812758E-C330-40E9-A737-75D51A89B69A}.Debug|Any CPU.Build.0 = Debug|Any CPU
		{7812758E-C330-40E9-A737-75D51A89B69A}.Release|Any CPU.ActiveCfg = Release|Any CPU
		{7812758E-C330-40E9-A737-75D51A89B69A}.Release|Any CPU.Build.0 = Release|Any CPU
		{76D29DDC-14F7-49B8-B0E7-241D4BAFD03B}.Debug|Any CPU.ActiveCfg = Debug|Any CPU
		{76D29DDC-14F7-49B8-B0E7-241D4BAFD03B}.Debug|Any CPU.Build.0 = Debug|Any CPU
		{76D29DDC-14F7-49B8-B0E7-241D4BAFD03B}.Release|Any CPU.ActiveCfg = Release|Any CPU
		{76D29DDC-14F7-49B8-B0E7-241D4BAFD03B}.Release|Any CPU.Build.0 = Release|Any CPU
		{25444DAD-7CC6-41EF-8C47-435439F32CC2}.Debug|Any CPU.ActiveCfg = Debug|Any CPU
		{25444DAD-7CC6-41EF-8C47-435439F32CC2}.Debug|Any CPU.Build.0 = Debug|Any CPU
		{25444DAD-7CC6-41EF-8C47-435439F32CC2}.Release|Any CPU.ActiveCfg = Release|Any CPU
		{25444DAD-7CC6-41EF-8C47-435439F32CC2}.Release|Any CPU.Build.0 = Release|Any CPU
		{97FA61A4-F4AB-4DAB-94BA-1A3AED650C49}.Debug|Any CPU.ActiveCfg = Debug|Any CPU
		{97FA61A4-F4AB-4DAB-94BA-1A3AED650C49}.Debug|Any CPU.Build.0 = Debug|Any CPU
		{97FA61A4-F4AB-4DAB-94BA-1A3AED650C49}.Release|Any CPU.ActiveCfg = Release|Any CPU
		{97FA61A4-F4AB-4DAB-94BA-1A3AED650C49}.Release|Any CPU.Build.0 = Release|Any CPU
	EndGlobalSection
	GlobalSection(SolutionProperties) = preSolution
		HideSolutionNode = FALSE
	EndGlobalSection
	GlobalSection(NestedProjects) = preSolution
		{9122C974-7050-4913-A7E3-2141E2CB45AF} = {14AB7EC8-CC00-451B-8CF3-51A2E77A67A4}
		{C7433340-129C-4F53-A872-AB1DC79ABCC2} = {14AB7EC8-CC00-451B-8CF3-51A2E77A67A4}
		{1DC151D6-B67D-46D5-B8D5-28451E009102} = {14AB7EC8-CC00-451B-8CF3-51A2E77A67A4}
		{AC131007-DA2B-471C-A4D3-0D3E6DBE309D} = {0B7201C9-56A8-442F-8324-63FB8B94AE67}
		{C70C2ECD-764F-4CFA-81B1-1DA08E5D089C} = {AC131007-DA2B-471C-A4D3-0D3E6DBE309D}
		{7812758E-C330-40E9-A737-75D51A89B69A} = {AC131007-DA2B-471C-A4D3-0D3E6DBE309D}
		{509C3C25-10ED-4273-99C1-97BA22D7526E} = {0B7201C9-56A8-442F-8324-63FB8B94AE67}
		{76D29DDC-14F7-49B8-B0E7-241D4BAFD03B} = {509C3C25-10ED-4273-99C1-97BA22D7526E}
		{25444DAD-7CC6-41EF-8C47-435439F32CC2} = {509C3C25-10ED-4273-99C1-97BA22D7526E}
		{97FA61A4-F4AB-4DAB-94BA-1A3AED650C49} = {509C3C25-10ED-4273-99C1-97BA22D7526E}
	EndGlobalSection
	GlobalSection(ExtensibilityGlobals) = postSolution
		SolutionGuid = {8B4CBC0E-4F31-47FE-AD4A-529D5EEA65E1}
	EndGlobalSection
EndGlobal
